// !$*UTF8*$!
{
	archiveVersion = 1;
	classes = {
	};
	objectVersion = 50;
	objects = {

/* Begin PBXBuildFile section */
		92BF5429261E419D0055051E /* AppDelegate.m in Sources */ = {isa = PBXBuildFile; fileRef = 92BF5428261E419D0055051E /* AppDelegate.m */; };
		92BF542C261E419D0055051E /* SceneDelegate.m in Sources */ = {isa = PBXBuildFile; fileRef = 92BF542B261E419D0055051E /* SceneDelegate.m */; };
		92BF542F261E419D0055051E /* WelcomeVC.m in Sources */ = {isa = PBXBuildFile; fileRef = 92BF542E261E419D0055051E /* WelcomeVC.m */; };
		92BF5432261E419D0055051E /* Main.storyboard in Resources */ = {isa = PBXBuildFile; fileRef = 92BF5430261E419D0055051E /* Main.storyboard */; };
		92BF5434261E419F0055051E /* Assets.xcassets in Resources */ = {isa = PBXBuildFile; fileRef = 92BF5433261E419F0055051E /* Assets.xcassets */; };
		92BF5437261E419F0055051E /* LaunchScreen.storyboard in Resources */ = {isa = PBXBuildFile; fileRef = 92BF5435261E419F0055051E /* LaunchScreen.storyboard */; };
		92BF543A261E419F0055051E /* main.m in Sources */ = {isa = PBXBuildFile; fileRef = 92BF5439261E419F0055051E /* main.m */; };
		92BF544D261E47090055051E /* AuthService.m in Sources */ = {isa = PBXBuildFile; fileRef = 92BF544C261E47090055051E /* AuthService.m */; };
		92BF5453261E83960055051E /* RoundedCornerBtn.m in Sources */ = {isa = PBXBuildFile; fileRef = 92BF5452261E83960055051E /* RoundedCornerBtn.m */; };
		92BF5456261E83DD0055051E /* LoginVC.m in Sources */ = {isa = PBXBuildFile; fileRef = 92BF5455261E83DD0055051E /* LoginVC.m */; };
		92BF5459261E83F00055051E /* SignupVC.m in Sources */ = {isa = PBXBuildFile; fileRef = 92BF5458261E83F00055051E /* SignupVC.m */; };
/* End PBXBuildFile section */

/* Begin PBXFileReference section */
		92BF5424261E419D0055051E /* Calorie Manager.app */ = {isa = PBXFileReference; explicitFileType = wrapper.application; includeInIndex = 0; path = "Calorie Manager.app"; sourceTree = BUILT_PRODUCTS_DIR; };
		92BF5427261E419D0055051E /* AppDelegate.h */ = {isa = PBXFileReference; lastKnownFileType = sourcecode.c.h; path = AppDelegate.h; sourceTree = "<group>"; };
		92BF5428261E419D0055051E /* AppDelegate.m */ = {isa = PBXFileReference; lastKnownFileType = sourcecode.c.objc; path = AppDelegate.m; sourceTree = "<group>"; };
		92BF542A261E419D0055051E /* SceneDelegate.h */ = {isa = PBXFileReference; lastKnownFileType = sourcecode.c.h; path = SceneDelegate.h; sourceTree = "<group>"; };
		92BF542B261E419D0055051E /* SceneDelegate.m */ = {isa = PBXFileReference; lastKnownFileType = sourcecode.c.objc; path = SceneDelegate.m; sourceTree = "<group>"; };
		92BF542D261E419D0055051E /* WelcomeVC.h */ = {isa = PBXFileReference; lastKnownFileType = sourcecode.c.h; path = WelcomeVC.h; sourceTree = "<group>"; };
		92BF542E261E419D0055051E /* WelcomeVC.m */ = {isa = PBXFileReference; lastKnownFileType = sourcecode.c.objc; path = WelcomeVC.m; sourceTree = "<group>"; };
		92BF5431261E419D0055051E /* Base */ = {isa = PBXFileReference; lastKnownFileType = file.storyboard; name = Base; path = Base.lproj/Main.storyboard; sourceTree = "<group>"; };
		92BF5433261E419F0055051E /* Assets.xcassets */ = {isa = PBXFileReference; lastKnownFileType = folder.assetcatalog; path = Assets.xcassets; sourceTree = "<group>"; };
		92BF5436261E419F0055051E /* Base */ = {isa = PBXFileReference; lastKnownFileType = file.storyboard; name = Base; path = Base.lproj/LaunchScreen.storyboard; sourceTree = "<group>"; };
		92BF5438261E419F0055051E /* Info.plist */ = {isa = PBXFileReference; lastKnownFileType = text.plist.xml; path = Info.plist; sourceTree = "<group>"; };
		92BF5439261E419F0055051E /* main.m */ = {isa = PBXFileReference; lastKnownFileType = sourcecode.c.objc; path = main.m; sourceTree = "<group>"; };
		92BF544C261E47090055051E /* AuthService.m */ = {isa = PBXFileReference; lastKnownFileType = sourcecode.c.objc; path = AuthService.m; sourceTree = "<group>"; };
		92BF5451261E83960055051E /* RoundedCornerBtn.h */ = {isa = PBXFileReference; lastKnownFileType = sourcecode.c.h; path = RoundedCornerBtn.h; sourceTree = "<group>"; };
		92BF5452261E83960055051E /* RoundedCornerBtn.m */ = {isa = PBXFileReference; lastKnownFileType = sourcecode.c.objc; path = RoundedCornerBtn.m; sourceTree = "<group>"; };
		92BF5454261E83DD0055051E /* LoginVC.h */ = {isa = PBXFileReference; lastKnownFileType = sourcecode.c.h; path = LoginVC.h; sourceTree = "<group>"; };
		92BF5455261E83DD0055051E /* LoginVC.m */ = {isa = PBXFileReference; lastKnownFileType = sourcecode.c.objc; path = LoginVC.m; sourceTree = "<group>"; };
		92BF5457261E83F00055051E /* SignupVC.h */ = {isa = PBXFileReference; lastKnownFileType = sourcecode.c.h; path = SignupVC.h; sourceTree = "<group>"; };
		92BF5458261E83F00055051E /* SignupVC.m */ = {isa = PBXFileReference; lastKnownFileType = sourcecode.c.objc; path = SignupVC.m; sourceTree = "<group>"; };
/* End PBXFileReference section */

/* Begin PBXFrameworksBuildPhase section */
		92BF5421261E419D0055051E /* Frameworks */ = {
			isa = PBXFrameworksBuildPhase;
			buildActionMask = 2147483647;
			files = (
			);
			runOnlyForDeploymentPostprocessing = 0;
		};
/* End PBXFrameworksBuildPhase section */

/* Begin PBXGroup section */
		92BF541B261E419D0055051E = {
			isa = PBXGroup;
			children = (
				92BF5426261E419D0055051E /* Calorie Manager */,
				92BF5425261E419D0055051E /* Products */,
			);
			sourceTree = "<group>";
		};
		92BF5425261E419D0055051E /* Products */ = {
			isa = PBXGroup;
			children = (
				92BF5424261E419D0055051E /* Calorie Manager.app */,
			);
			name = Products;
			sourceTree = "<group>";
		};
		92BF5426261E419D0055051E /* Calorie Manager */ = {
			isa = PBXGroup;
			children = (
				92BF5444261E42D10055051E /* Utilities */,
				92BF5443261E42C50055051E /* Services */,
				92BF5442261E42B90055051E /* ViewControllers */,
				92BF5441261E42970055051E /* Views */,
				92BF5440261E428F0055051E /* Models */,
				92BF5427261E419D0055051E /* AppDelegate.h */,
				92BF5428261E419D0055051E /* AppDelegate.m */,
				92BF542A261E419D0055051E /* SceneDelegate.h */,
				92BF542B261E419D0055051E /* SceneDelegate.m */,
				92BF5430261E419D0055051E /* Main.storyboard */,
				92BF5433261E419F0055051E /* Assets.xcassets */,
				92BF5435261E419F0055051E /* LaunchScreen.storyboard */,
				92BF5438261E419F0055051E /* Info.plist */,
				92BF5439261E419F0055051E /* main.m */,
			);
			path = "Calorie Manager";
			sourceTree = "<group>";
		};
		92BF5440261E428F0055051E /* Models */ = {
			isa = PBXGroup;
			children = (
			);
			path = Models;
			sourceTree = "<group>";
		};
		92BF5441261E42970055051E /* Views */ = {
			isa = PBXGroup;
			children = (
				92BF5451261E83960055051E /* RoundedCornerBtn.h */,
				92BF5452261E83960055051E /* RoundedCornerBtn.m */,
			);
			path = Views;
			sourceTree = "<group>";
		};
		92BF5442261E42B90055051E /* ViewControllers */ = {
			isa = PBXGroup;
			children = (
				92BF542D261E419D0055051E /* WelcomeVC.h */,
				92BF542E261E419D0055051E /* WelcomeVC.m */,
				92BF5454261E83DD0055051E /* LoginVC.h */,
				92BF5455261E83DD0055051E /* LoginVC.m */,
				92BF5457261E83F00055051E /* SignupVC.h */,
				92BF5458261E83F00055051E /* SignupVC.m */,
			);
			path = ViewControllers;
			sourceTree = "<group>";
		};
		92BF5443261E42C50055051E /* Services */ = {
			isa = PBXGroup;
			children = (
				92BF544C261E47090055051E /* AuthService.m */,
			);
			path = Services;
			sourceTree = "<group>";
		};
		92BF5444261E42D10055051E /* Utilities */ = {
			isa = PBXGroup;
			children = (
			);
			path = Utilities;
			sourceTree = "<group>";
		};
/* End PBXGroup section */

/* Begin PBXNativeTarget section */
		92BF5423261E419D0055051E /* Calorie Manager */ = {
			isa = PBXNativeTarget;
			buildConfigurationList = 92BF543D261E419F0055051E /* Build configuration list for PBXNativeTarget "Calorie Manager" */;
			buildPhases = (
				92BF5420261E419D0055051E /* Sources */,
				92BF5421261E419D0055051E /* Frameworks */,
				92BF5422261E419D0055051E /* Resources */,
			);
			buildRules = (
			);
			dependencies = (
			);
			name = "Calorie Manager";
			productName = "Calorie Manager";
			productReference = 92BF5424261E419D0055051E /* Calorie Manager.app */;
			productType = "com.apple.product-type.application";
		};
/* End PBXNativeTarget section */

/* Begin PBXProject section */
		92BF541C261E419D0055051E /* Project object */ = {
			isa = PBXProject;
			attributes = {
				LastUpgradeCheck = 1170;
				ORGANIZATIONNAME = "Jerry Lai";
				TargetAttributes = {
					92BF5423261E419D0055051E = {
						CreatedOnToolsVersion = 11.7;
					};
				};
			};
			buildConfigurationList = 92BF541F261E419D0055051E /* Build configuration list for PBXProject "Calorie Manager" */;
			compatibilityVersion = "Xcode 9.3";
			developmentRegion = en;
			hasScannedForEncodings = 0;
			knownRegions = (
				en,
				Base,
			);
			mainGroup = 92BF541B261E419D0055051E;
			productRefGroup = 92BF5425261E419D0055051E /* Products */;
			projectDirPath = "";
			projectRoot = "";
			targets = (
				92BF5423261E419D0055051E /* Calorie Manager */,
			);
		};
/* End PBXProject section */

/* Begin PBXResourcesBuildPhase section */
		92BF5422261E419D0055051E /* Resources */ = {
			isa = PBXResourcesBuildPhase;
			buildActionMask = 2147483647;
			files = (
				92BF5437261E419F0055051E /* LaunchScreen.storyboard in Resources */,
				92BF5434261E419F0055051E /* Assets.xcassets in Resources */,
				92BF5432261E419D0055051E /* Main.storyboard in Resources */,
			);
			runOnlyForDeploymentPostprocessing = 0;
		};
/* End PBXResourcesBuildPhase section */

/* Begin PBXSourcesBuildPhase section */
		92BF5420261E419D0055051E /* Sources */ = {
			isa = PBXSourcesBuildPhase;
			buildActionMask = 2147483647;
			files = (
				92BF542F261E419D0055051E /* WelcomeVC.m in Sources */,
				92BF5429261E419D0055051E /* AppDelegate.m in Sources */,
				92BF544D261E47090055051E /* AuthService.m in Sources */,
				92BF5453261E83960055051E /* RoundedCornerBtn.m in Sources */,
				92BF5459261E83F00055051E /* SignupVC.m in Sources */,
				92BF543A261E419F0055051E /* main.m in Sources */,
				92BF5456261E83DD0055051E /* LoginVC.m in Sources */,
				92BF542C261E419D0055051E /* SceneDelegate.m in Sources */,
			);
			runOnlyForDeploymentPostprocessing = 0;
		};
/* End PBXSourcesBuildPhase section */

/* Begin PBXVariantGroup section */
		92BF5430261E419D0055051E /* Main.storyboard */ = {
			isa = PBXVariantGroup;
			children = (
				92BF5431261E419D0055051E /* Base */,
			);
			name = Main.storyboard;
			sourceTree = "<group>";
		};
		92BF5435261E419F0055051E /* LaunchScreen.storyboard */ = {
			isa = PBXVariantGroup;
			children = (
				92BF5436261E419F0055051E /* Base */,
			);
			name = LaunchScreen.storyboard;
			sourceTree = "<group>";
		};
/* End PBXVariantGroup section */

/* Begin XCBuildConfiguration section */
		92BF543B261E419F0055051E /* Debug */ = {
			isa = XCBuildConfiguration;
			buildSettings = {
				ALWAYS_SEARCH_USER_PATHS = NO;
				CLANG_ANALYZER_NONNULL = YES;
				CLANG_ANALYZER_NUMBER_OBJECT_CONVERSION = YES_AGGRESSIVE;
				CLANG_CXX_LANGUAGE_STANDARD = "gnu++14";
				CLANG_CXX_LIBRARY = "libc++";
				CLANG_ENABLE_MODULES = YES;
				CLANG_ENABLE_OBJC_ARC = YES;
				CLANG_ENABLE_OBJC_WEAK = YES;
				CLANG_WARN_BLOCK_CAPTURE_AUTORELEASING = YES;
				CLANG_WARN_BOOL_CONVERSION = YES;
				CLANG_WARN_COMMA = YES;
				CLANG_WARN_CONSTANT_CONVERSION = YES;
				CLANG_WARN_DEPRECATED_OBJC_IMPLEMENTATIONS = YES;
				CLANG_WARN_DIRECT_OBJC_ISA_USAGE = YES_ERROR;
				CLANG_WARN_DOCUMENTATION_COMMENTS = YES;
				CLANG_WARN_EMPTY_BODY = YES;
				CLANG_WARN_ENUM_CONVERSION = YES;
				CLANG_WARN_INFINITE_RECURSION = YES;
				CLANG_WARN_INT_CONVERSION = YES;
				CLANG_WARN_NON_LITERAL_NULL_CONVERSION = YES;
				CLANG_WARN_OBJC_IMPLICIT_RETAIN_SELF = YES;
				CLANG_WARN_OBJC_LITERAL_CONVERSION = YES;
				CLANG_WARN_OBJC_ROOT_CLASS = YES_ERROR;
				CLANG_WARN_RANGE_LOOP_ANALYSIS = YES;
				CLANG_WARN_STRICT_PROTOTYPES = YES;
				CLANG_WARN_SUSPICIOUS_MOVE = YES;
				CLANG_WARN_UNGUARDED_AVAILABILITY = YES_AGGRESSIVE;
				CLANG_WARN_UNREACHABLE_CODE = YES;
				CLANG_WARN__DUPLICATE_METHOD_MATCH = YES;
				COPY_PHASE_STRIP = NO;
				DEBUG_INFORMATION_FORMAT = dwarf;
				ENABLE_STRICT_OBJC_MSGSEND = YES;
				ENABLE_TESTABILITY = YES;
				GCC_C_LANGUAGE_STANDARD = gnu11;
				GCC_DYNAMIC_NO_PIC = NO;
				GCC_NO_COMMON_BLOCKS = YES;
				GCC_OPTIMIZATION_LEVEL = 0;
				GCC_PREPROCESSOR_DEFINITIONS = (
					"DEBUG=1",
					"$(inherited)",
				);
				GCC_WARN_64_TO_32_BIT_CONVERSION = YES;
				GCC_WARN_ABOUT_RETURN_TYPE = YES_ERROR;
				GCC_WARN_UNDECLARED_SELECTOR = YES;
				GCC_WARN_UNINITIALIZED_AUTOS = YES_AGGRESSIVE;
				GCC_WARN_UNUSED_FUNCTION = YES;
				GCC_WARN_UNUSED_VARIABLE = YES;
				IPHONEOS_DEPLOYMENT_TARGET = 13.7;
				MTL_ENABLE_DEBUG_INFO = INCLUDE_SOURCE;
				MTL_FAST_MATH = YES;
				ONLY_ACTIVE_ARCH = YES;
				SDKROOT = iphoneos;
			};
			name = Debug;
		};
		92BF543C261E419F0055051E /* Release */ = {
			isa = XCBuildConfiguration;
			buildSettings = {
				ALWAYS_SEARCH_USER_PATHS = NO;
				CLANG_ANALYZER_NONNULL = YES;
				CLANG_ANALYZER_NUMBER_OBJECT_CONVERSION = YES_AGGRESSIVE;
				CLANG_CXX_LANGUAGE_STANDARD = "gnu++14";
				CLANG_CXX_LIBRARY = "libc++";
				CLANG_ENABLE_MODULES = YES;
				CLANG_ENABLE_OBJC_ARC = YES;
				CLANG_ENABLE_OBJC_WEAK = YES;
				CLANG_WARN_BLOCK_CAPTURE_AUTORELEASING = YES;
				CLANG_WARN_BOOL_CONVERSION = YES;
				CLANG_WARN_COMMA = YES;
				CLANG_WARN_CONSTANT_CONVERSION = YES;
				CLANG_WARN_DEPRECATED_OBJC_IMPLEMENTATIONS = YES;
				CLANG_WARN_DIRECT_OBJC_ISA_USAGE = YES_ERROR;
				CLANG_WARN_DOCUMENTATION_COMMENTS = YES;
				CLANG_WARN_EMPTY_BODY = YES;
				CLANG_WARN_ENUM_CONVERSION = YES;
				CLANG_WARN_INFINITE_RECURSION = YES;
				CLANG_WARN_INT_CONVERSION = YES;
				CLANG_WARN_NON_LITERAL_NULL_CONVERSION = YES;
				CLANG_WARN_OBJC_IMPLICIT_RETAIN_SELF = YES;
				CLANG_WARN_OBJC_LITERAL_CONVERSION = YES;
				CLANG_WARN_OBJC_ROOT_CLASS = YES_ERROR;
				CLANG_WARN_RANGE_LOOP_ANALYSIS = YES;
				CLANG_WARN_STRICT_PROTOTYPES = YES;
				CLANG_WARN_SUSPICIOUS_MOVE = YES;
				CLANG_WARN_UNGUARDED_AVAILABILITY = YES_AGGRESSIVE;
				CLANG_WARN_UNREACHABLE_CODE = YES;
				CLANG_WARN__DUPLICATE_METHOD_MATCH = YES;
				COPY_PHASE_STRIP = NO;
				DEBUG_INFORMATION_FORMAT = "dwarf-with-dsym";
				ENABLE_NS_ASSERTIONS = NO;
				ENABLE_STRICT_OBJC_MSGSEND = YES;
				GCC_C_LANGUAGE_STANDARD = gnu11;
				GCC_NO_COMMON_BLOCKS = YES;
				GCC_WARN_64_TO_32_BIT_CONVERSION = YES;
				GCC_WARN_ABOUT_RETURN_TYPE = YES_ERROR;
				GCC_WARN_UNDECLARED_SELECTOR = YES;
				GCC_WARN_UNINITIALIZED_AUTOS = YES_AGGRESSIVE;
				GCC_WARN_UNUSED_FUNCTION = YES;
				GCC_WARN_UNUSED_VARIABLE = YES;
				IPHONEOS_DEPLOYMENT_TARGET = 13.7;
				MTL_ENABLE_DEBUG_INFO = NO;
				MTL_FAST_MATH = YES;
				SDKROOT = iphoneos;
				VALIDATE_PRODUCT = YES;
			};
			name = Release;
		};
		92BF543E261E419F0055051E /* Debug */ = {
			isa = XCBuildConfiguration;
			buildSettings = {
				ASSETCATALOG_COMPILER_APPICON_NAME = AppIcon;
				CODE_SIGN_STYLE = Automatic;
				DEVELOPMENT_TEAM = 8L83CZ8839;
				INFOPLIST_FILE = "Calorie Manager/Info.plist";
				LD_RUNPATH_SEARCH_PATHS = (
					"$(inherited)",
					"@executable_path/Frameworks",
				);
				PRODUCT_BUNDLE_IDENTIFIER = "jerry-lai.Calorie-Manager";
				PRODUCT_NAME = "$(TARGET_NAME)";
				TARGETED_DEVICE_FAMILY = 1;
			};
			name = Debug;
		};
		92BF543F261E419F0055051E /* Release */ = {
			isa = XCBuildConfiguration;
			buildSettings = {
				ASSETCATALOG_COMPILER_APPICON_NAME = AppIcon;
				CODE_SIGN_STYLE = Automatic;
				DEVELOPMENT_TEAM = 8L83CZ8839;
				INFOPLIST_FILE = "Calorie Manager/Info.plist";
				LD_RUNPATH_SEARCH_PATHS = (
					"$(inherited)",
					"@executable_path/Frameworks",
				);
				PRODUCT_BUNDLE_IDENTIFIER = "jerry-lai.Calorie-Manager";
				PRODUCT_NAME = "$(TARGET_NAME)";
				TARGETED_DEVICE_FAMILY = 1;
			};
			name = Release;
		};
/* End XCBuildConfiguration section */

/* Begin XCConfigurationList section */
		92BF541F261E419D0055051E /* Build configuration list for PBXProject "Calorie Manager" */ = {
			isa = XCConfigurationList;
			buildConfigurations = (
				92BF543B261E419F0055051E /* Debug */,
				92BF543C261E419F0055051E /* Release */,
			);
			defaultConfigurationIsVisible = 0;
			defaultConfigurationName = Release;
		};
		92BF543D261E419F0055051E /* Build configuration list for PBXNativeTarget "Calorie Manager" */ = {
			isa = XCConfigurationList;
			buildConfigurations = (
				92BF543E261E419F0055051E /* Debug */,
				92BF543F261E419F0055051E /* Release */,
			);
			defaultConfigurationIsVisible = 0;
			defaultConfigurationName = Release;
		};
/* End XCConfigurationList section */
	};
	rootObject = 92BF541C261E419D0055051E /* Project object */;
}
